# This file is autogenerated, do not edit; changes may be undone by the next 'dep ensure'.


[[projects]]
  branch = "master"
  name = "github.com/DHowett/go-plist"
  packages = ["."]
  revision = "500bd5b9081b5957ac10389f86e069869f00c348"

[[projects]]
  branch = "master"
  name = "github.com/distatus/battery"
  packages = ["."]
  revision = "916919eb43bd0567646f048c0fb0e8c61a4ebc24"

[[projects]]
  branch = "master"
  name = "golang.org/x/sys"
  packages = [
    "unix",
    "windows"
  ]
  revision = "6c888cc515d3ed83fc103cf1d84468aad274b0a7"

[[projects]]
  branch = "v2"
  name = "gopkg.in/mgo.v2"
  packages = [
    "bson",
    "internal/json"
  ]
  revision = "3f83fa5005286a7fe593b055f0d7771a7dce4655"

[solve-meta]
  analyzer-name = "dep"
  analyzer-version = 1
  inputs-digest = "e1a5f0696540963c49bb677ddc7704ed627cf1d25466a2685c620ecdc8f10a0b"
  solver-name = "gps-cdcl"
  solver-version = 1
