# This file is autogenerated, do not edit; changes may be undone by the next 'dep ensure'.


[[projects]]
  branch = "master"
  name = "github.com/DHowett/go-plist"
  packages = ["."]
  revision = "84d08b7bddb35583bb3153b811c6cc52bb306f52"

[[projects]]
  branch = "master"
  name = "github.com/distatus/battery"
  packages = ["."]
  revision = "916919eb43bd0567646f048c0fb0e8c61a4ebc24"

[[projects]]
  branch = "master"
  name = "golang.org/x/sys"
  packages = [
    "unix",
    "windows"
  ]
  revision = "78d5f264b493f125018180c204871ecf58a2dce1"

[[projects]]
  branch = "v2"
  name = "gopkg.in/mgo.v2"
  packages = [
    "bson",
    "internal/json"
  ]
  revision = "3f83fa5005286a7fe593b055f0d7771a7dce4655"

[solve-meta]
  analyzer-name = "dep"
  analyzer-version = 1
  inputs-digest = "26bd3e051e1058057298e7246be819f06dbd9b93bfba0eaab91baaf9ad2675b3"
  solver-name = "gps-cdcl"
  solver-version = 1
